
Microsoft Visual Studio Solution File, Format Version 12.00
# Visual Studio 15
VisualStudioVersion = 15.0.27703.2035
MinimumVisualStudioVersion = 10.0.40219.1
Project("{FAE04EC0-301F-11D3-BF4B-00C04F79EFBC}") = "ScientistBiography.Android", "ScientistBiography\ScientistBiography.Android\ScientistBiography.Android.csproj", "{1A39BD72-8329-4875-B9F9-E9A382C51FA8}"
EndProject
Project("{FAE04EC0-301F-11D3-BF4B-00C04F79EFBC}") = "ScientistBiography.iOS", "ScientistBiography\ScientistBiography.iOS\ScientistBiography.iOS.csproj", "{A28AA53D-1E8E-489D-9B06-ACED461C0248}"
EndProject
Project("{FAE04EC0-301F-11D3-BF4B-00C04F79EFBC}") = "ScientistBiography", "ScientistBiography\ScientistBiography\ScientistBiography.csproj", "{FEFE0CD4-A267-416A-BE13-272215D8E76C}"
EndProject
Global
	GlobalSection(SolutionConfigurationPlatforms) = preSolution
		Ad-Hoc|Any CPU = Ad-Hoc|Any CPU
		Ad-Hoc|iPhone = Ad-Hoc|iPhone
		Ad-Hoc|iPhoneSimulator = Ad-Hoc|iPhoneSimulator
		AppStore|Any CPU = AppStore|Any CPU
		AppStore|iPhone = AppStore|iPhone
		AppStore|iPhoneSimulator = AppStore|iPhoneSimulator
		Debug|Any CPU = Debug|Any CPU
		Debug|iPhone = Debug|iPhone
		Debug|iPhoneSimulator = Debug|iPhoneSimulator
		Release|Any CPU = Release|Any CPU
		Release|iPhone = Release|iPhone
		Release|iPhoneSimulator = Release|iPhoneSimulator
	EndGlobalSection
	GlobalSection(ProjectConfigurationPlatforms) = postSolution
		{1A39BD72-8329-4875-B9F9-E9A382C51FA8}.Ad-Hoc|Any CPU.ActiveCfg = Release|Any CPU
		{1A39BD72-8329-4875-B9F9-E9A382C51FA8}.Ad-Hoc|Any CPU.Build.0 = Release|Any CPU
		{1A39BD72-8329-4875-B9F9-E9A382C51FA8}.Ad-Hoc|Any CPU.Deploy.0 = Release|Any CPU
		{1A39BD72-8329-4875-B9F9-E9A382C51FA8}.Ad-Hoc|iPhone.ActiveCfg = Release|Any CPU
		{1A39BD72-8329-4875-B9F9-E9A382C51FA8}.Ad-Hoc|iPhone.Build.0 = Release|Any CPU
		{1A39BD72-8329-4875-B9F9-E9A382C51FA8}.Ad-Hoc|iPhone.Deploy.0 = Release|Any CPU
		{1A39BD72-8329-4875-B9F9-E9A382C51FA8}.Ad-Hoc|iPhoneSimulator.ActiveCfg = Release|Any CPU
		{1A39BD72-8329-4875-B9F9-E9A382C51FA8}.Ad-Hoc|iPhoneSimulator.Build.0 = Release|Any CPU
		{1A39BD72-8329-4875-B9F9-E9A382C51FA8}.Ad-Hoc|iPhoneSimulator.Deploy.0 = Release|Any CPU
		{1A39BD72-8329-4875-B9F9-E9A382C51FA8}.AppStore|Any CPU.ActiveCfg = Release|Any CPU
		{1A39BD72-8329-4875-B9F9-E9A382C51FA8}.AppStore|Any CPU.Build.0 = Release|Any CPU
		{1A39BD72-8329-4875-B9F9-E9A382C51FA8}.AppStore|Any CPU.Deploy.0 = Release|Any CPU
		{1A39BD72-8329-4875-B9F9-E9A382C51FA8}.AppStore|iPhone.ActiveCfg = Release|Any CPU
		{1A39BD72-8329-4875-B9F9-E9A382C51FA8}.AppStore|iPhone.Build.0 = Release|Any CPU
		{1A39BD72-8329-4875-B9F9-E9A382C51FA8}.AppStore|iPhone.Deploy.0 = Release|Any CPU
		{1A39BD72-8329-4875-B9F9-E9A382C51FA8}.AppStore|iPhoneSimulator.ActiveCfg = Release|Any CPU
		{1A39BD72-8329-4875-B9F9-E9A382C51FA8}.AppStore|iPhoneSimulator.Build.0 = Release|Any CPU
		{1A39BD72-8329-4875-B9F9-E9A382C51FA8}.AppStore|iPhoneSimulator.Deploy.0 = Release|Any CPU
		{1A39BD72-8329-4875-B9F9-E9A382C51FA8}.Debug|Any CPU.ActiveCfg = Debug|Any CPU
		{1A39BD72-8329-4875-B9F9-E9A382C51FA8}.Debug|Any CPU.Build.0 = Debug|Any CPU
		{1A39BD72-8329-4875-B9F9-E9A382C51FA8}.Debug|Any CPU.Deploy.0 = Debug|Any CPU
		{1A39BD72-8329-4875-B9F9-E9A382C51FA8}.Debug|iPhone.ActiveCfg = Debug|Any CPU
		{1A39BD72-8329-4875-B9F9-E9A382C51FA8}.Debug|iPhone.Build.0 = Debug|Any CPU
		{1A39BD72-8329-4875-B9F9-E9A382C51FA8}.Debug|iPhone.Deploy.0 = Debug|Any CPU
		{1A39BD72-8329-4875-B9F9-E9A382C51FA8}.Debug|iPhoneSimulator.ActiveCfg = Debug|Any CPU
		{1A39BD72-8329-4875-B9F9-E9A382C51FA8}.Debug|iPhoneSimulator.Build.0 = Debug|Any CPU
		{1A39BD72-8329-4875-B9F9-E9A382C51FA8}.Debug|iPhoneSimulator.Deploy.0 = Debug|Any CPU
		{1A39BD72-8329-4875-B9F9-E9A382C51FA8}.Release|Any CPU.ActiveCfg = Release|Any CPU
		{1A39BD72-8329-4875-B9F9-E9A382C51FA8}.Release|Any CPU.Build.0 = Release|Any CPU
		{1A39BD72-8329-4875-B9F9-E9A382C51FA8}.Release|Any CPU.Deploy.0 = Release|Any CPU
		{1A39BD72-8329-4875-B9F9-E9A382C51FA8}.Release|iPhone.ActiveCfg = Release|Any CPU
		{1A39BD72-8329-4875-B9F9-E9A382C51FA8}.Release|iPhone.Build.0 = Release|Any CPU
		{1A39BD72-8329-4875-B9F9-E9A382C51FA8}.Release|iPhone.Deploy.0 = Release|Any CPU
		{1A39BD72-8329-4875-B9F9-E9A382C51FA8}.Release|iPhoneSimulator.ActiveCfg = Release|Any CPU
		{1A39BD72-8329-4875-B9F9-E9A382C51FA8}.Release|iPhoneSimulator.Build.0 = Release|Any CPU
		{1A39BD72-8329-4875-B9F9-E9A382C51FA8}.Release|iPhoneSimulator.Deploy.0 = Release|Any CPU
		{A28AA53D-1E8E-489D-9B06-ACED461C0248}.Ad-Hoc|Any CPU.ActiveCfg = Ad-Hoc|iPhone
		{A28AA53D-1E8E-489D-9B06-ACED461C0248}.Ad-Hoc|Any CPU.Build.0 = Ad-Hoc|iPhone
		{A28AA53D-1E8E-489D-9B06-ACED461C0248}.Ad-Hoc|Any CPU.Deploy.0 = Ad-Hoc|iPhone
		{A28AA53D-1E8E-489D-9B06-ACED461C0248}.Ad-Hoc|iPhone.ActiveCfg = Ad-Hoc|iPhone
		{A28AA53D-1E8E-489D-9B06-ACED461C0248}.Ad-Hoc|iPhone.Build.0 = Ad-Hoc|iPhone
		{A28AA53D-1E8E-489D-9B06-ACED461C0248}.Ad-Hoc|iPhone.Deploy.0 = Ad-Hoc|iPhone
		{A28AA53D-1E8E-489D-9B06-ACED461C0248}.Ad-Hoc|iPhoneSimulator.ActiveCfg = Ad-Hoc|iPhoneSimulator
		{A28AA53D-1E8E-489D-9B06-ACED461C0248}.Ad-Hoc|iPhoneSimulator.Build.0 = Ad-Hoc|iPhoneSimulator
		{A28AA53D-1E8E-489D-9B06-ACED461C0248}.Ad-Hoc|iPhoneSimulator.Deploy.0 = Ad-Hoc|iPhoneSimulator
		{A28AA53D-1E8E-489D-9B06-ACED461C0248}.AppStore|Any CPU.ActiveCfg = AppStore|iPhone
		{A28AA53D-1E8E-489D-9B06-ACED461C0248}.AppStore|Any CPU.Build.0 = AppStore|iPhone
		{A28AA53D-1E8E-489D-9B06-ACED461C0248}.AppStore|Any CPU.Deploy.0 = AppStore|iPhone
		{A28AA53D-1E8E-489D-9B06-ACED461C0248}.AppStore|iPhone.ActiveCfg = AppStore|iPhone
		{A28AA53D-1E8E-489D-9B06-ACED461C0248}.AppStore|iPhone.Build.0 = AppStore|iPhone
		{A28AA53D-1E8E-489D-9B06-ACED461C0248}.AppStore|iPhone.Deploy.0 = AppStore|iPhone
		{A28AA53D-1E8E-489D-9B06-ACED461C0248}.AppStore|iPhoneSimulator.ActiveCfg = AppStore|iPhoneSimulator
		{A28AA53D-1E8E-489D-9B06-ACED461C0248}.AppStore|iPhoneSimulator.Build.0 = AppStore|iPhoneSimulator
		{A28AA53D-1E8E-489D-9B06-ACED461C0248}.AppStore|iPhoneSimulator.Deploy.0 = AppStore|iPhoneSimulator
		{A28AA53D-1E8E-489D-9B06-ACED461C0248}.Debug|Any CPU.ActiveCfg = Debug|iPhoneSimulator
		{A28AA53D-1E8E-489D-9B06-ACED461C0248}.Debug|Any CPU.Build.0 = Debug|iPhoneSimulator
		{A28AA53D-1E8E-489D-9B06-ACED461C0248}.Debug|Any CPU.Deploy.0 = Debug|iPhoneSimulator
		{A28AA53D-1E8E-489D-9B06-ACED461C0248}.Debug|iPhone.ActiveCfg = Debug|iPhone
		{A28AA53D-1E8E-489D-9B06-ACED461C0248}.Debug|iPhone.Build.0 = Debug|iPhone
		{A28AA53D-1E8E-489D-9B06-ACED461C0248}.Debug|iPhone.Deploy.0 = Debug|iPhone
		{A28AA53D-1E8E-489D-9B06-ACED461C0248}.Debug|iPhoneSimulator.ActiveCfg = Debug|iPhoneSimulator
		{A28AA53D-1E8E-489D-9B06-ACED461C0248}.Debug|iPhoneSimulator.Build.0 = Debug|iPhoneSimulator
		{A28AA53D-1E8E-489D-9B06-ACED461C0248}.Debug|iPhoneSimulator.Deploy.0 = Debug|iPhoneSimulator
		{A28AA53D-1E8E-489D-9B06-ACED461C0248}.Release|Any CPU.ActiveCfg = Release|iPhone
		{A28AA53D-1E8E-489D-9B06-ACED461C0248}.Release|Any CPU.Build.0 = Release|iPhone
		{A28AA53D-1E8E-489D-9B06-ACED461C0248}.Release|Any CPU.Deploy.0 = Release|iPhone
		{A28AA53D-1E8E-489D-9B06-ACED461C0248}.Release|iPhone.ActiveCfg = Release|iPhone
		{A28AA53D-1E8E-489D-9B06-ACED461C0248}.Release|iPhone.Build.0 = Release|iPhone
		{A28AA53D-1E8E-489D-9B06-ACED461C0248}.Release|iPhone.Deploy.0 = Release|iPhone
		{A28AA53D-1E8E-489D-9B06-ACED461C0248}.Release|iPhoneSimulator.ActiveCfg = Release|iPhoneSimulator
		{A28AA53D-1E8E-489D-9B06-ACED461C0248}.Release|iPhoneSimulator.Build.0 = Release|iPhoneSimulator
		{A28AA53D-1E8E-489D-9B06-ACED461C0248}.Release|iPhoneSimulator.Deploy.0 = Release|iPhoneSimulator
		{FEFE0CD4-A267-416A-BE13-272215D8E76C}.Ad-Hoc|Any CPU.ActiveCfg = Debug|Any CPU
		{FEFE0CD4-A267-416A-BE13-272215D8E76C}.Ad-Hoc|Any CPU.Build.0 = Debug|Any CPU
		{FEFE0CD4-A267-416A-BE13-272215D8E76C}.Ad-Hoc|Any CPU.Deploy.0 = Debug|Any CPU
		{FEFE0CD4-A267-416A-BE13-272215D8E76C}.Ad-Hoc|iPhone.ActiveCfg = Debug|Any CPU
		{FEFE0CD4-A267-416A-BE13-272215D8E76C}.Ad-Hoc|iPhone.Build.0 = Debug|Any CPU
		{FEFE0CD4-A267-416A-BE13-272215D8E76C}.Ad-Hoc|iPhone.Deploy.0 = Debug|Any CPU
		{FEFE0CD4-A267-416A-BE13-272215D8E76C}.Ad-Hoc|iPhoneSimulator.ActiveCfg = Debug|Any CPU
		{FEFE0CD4-A267-416A-BE13-272215D8E76C}.Ad-Hoc|iPhoneSimulator.Build.0 = Debug|Any CPU
		{FEFE0CD4-A267-416A-BE13-272215D8E76C}.Ad-Hoc|iPhoneSimulator.Deploy.0 = Debug|Any CPU
		{FEFE0CD4-A267-416A-BE13-272215D8E76C}.AppStore|Any CPU.ActiveCfg = Debug|Any CPU
		{FEFE0CD4-A267-416A-BE13-272215D8E76C}.AppStore|Any CPU.Build.0 = Debug|Any CPU
		{FEFE0CD4-A267-416A-BE13-272215D8E76C}.AppStore|Any CPU.Deploy.0 = Debug|Any CPU
		{FEFE0CD4-A267-416A-BE13-272215D8E76C}.AppStore|iPhone.ActiveCfg = Debug|Any CPU
		{FEFE0CD4-A267-416A-BE13-272215D8E76C}.AppStore|iPhone.Build.0 = Debug|Any CPU
		{FEFE0CD4-A267-416A-BE13-272215D8E76C}.AppStore|iPhone.Deploy.0 = Debug|Any CPU
		{FEFE0CD4-A267-416A-BE13-272215D8E76C}.AppStore|iPhoneSimulator.ActiveCfg = Debug|Any CPU
		{FEFE0CD4-A267-416A-BE13-272215D8E76C}.AppStore|iPhoneSimulator.Build.0 = Debug|Any CPU
		{FEFE0CD4-A267-416A-BE13-272215D8E76C}.AppStore|iPhoneSimulator.Deploy.0 = Debug|Any CPU
		{FEFE0CD4-A267-416A-BE13-272215D8E76C}.Debug|Any CPU.ActiveCfg = Debug|Any CPU
		{FEFE0CD4-A267-416A-BE13-272215D8E76C}.Debug|Any CPU.Build.0 = Debug|Any CPU
		{FEFE0CD4-A267-416A-BE13-272215D8E76C}.Debug|Any CPU.Deploy.0 = Debug|Any CPU
		{FEFE0CD4-A267-416A-BE13-272215D8E76C}.Debug|iPhone.ActiveCfg = Debug|Any CPU
		{FEFE0CD4-A267-416A-BE13-272215D8E76C}.Debug|iPhone.Build.0 = Debug|Any CPU
		{FEFE0CD4-A267-416A-BE13-272215D8E76C}.Debug|iPhone.Deploy.0 = Debug|Any CPU
		{FEFE0CD4-A267-416A-BE13-272215D8E76C}.Debug|iPhoneSimulator.ActiveCfg = Debug|Any CPU
		{FEFE0CD4-A267-416A-BE13-272215D8E76C}.Debug|iPhoneSimulator.Build.0 = Debug|Any CPU
		{FEFE0CD4-A267-416A-BE13-272215D8E76C}.Debug|iPhoneSimulator.Deploy.0 = Debug|Any CPU
		{FEFE0CD4-A267-416A-BE13-272215D8E76C}.Release|Any CPU.ActiveCfg = Release|Any CPU
		{FEFE0CD4-A267-416A-BE13-272215D8E76C}.Release|Any CPU.Build.0 = Release|Any CPU
		{FEFE0CD4-A267-416A-BE13-272215D8E76C}.Release|Any CPU.Deploy.0 = Release|Any CPU
		{FEFE0CD4-A267-416A-BE13-272215D8E76C}.Release|iPhone.ActiveCfg = Release|Any CPU
		{FEFE0CD4-A267-416A-BE13-272215D8E76C}.Release|iPhone.Build.0 = Release|Any CPU
		{FEFE0CD4-A267-416A-BE13-272215D8E76C}.Release|iPhone.Deploy.0 = Release|Any CPU
		{FEFE0CD4-A267-416A-BE13-272215D8E76C}.Release|iPhoneSimulator.ActiveCfg = Release|Any CPU
		{FEFE0CD4-A267-416A-BE13-272215D8E76C}.Release|iPhoneSimulator.Build.0 = Release|Any CPU
		{FEFE0CD4-A267-416A-BE13-272215D8E76C}.Release|iPhoneSimulator.Deploy.0 = Release|Any CPU
	EndGlobalSection
	GlobalSection(SolutionProperties) = preSolution
		HideSolutionNode = FALSE
	EndGlobalSection
	GlobalSection(ExtensibilityGlobals) = postSolution
		SolutionGuid = {ED0611FC-6393-4848-AF4B-1C518489526F}
	EndGlobalSection
EndGlobal
